
Microsoft Visual Studio Solution File, Format Version 12.00
# Visual Studio 14
VisualStudioVersion = 14.0.25420.1
MinimumVisualStudioVersion = 10.0.40219.1
Project("{FAE04EC0-301F-11D3-BF4B-00C04F79EFBC}") = "ScrapJunker.Crawler", "ScrapJunker.Crawler\ScrapJunker.Crawler.csproj", "{7B03C5C2-DC7D-497C-94C9-1DB901D131BC}"
EndProject
Project("{FAE04EC0-301F-11D3-BF4B-00C04F79EFBC}") = "ScrapJunker.Crawler.Core", "ScrapJunker.Crawler.Core\ScrapJunker.Crawler.Core.csproj", "{3789DD7C-F8F0-42C7-82C5-343F7DB247DE}"
EndProject
Project("{FAE04EC0-301F-11D3-BF4B-00C04F79EFBC}") = "ScrapJunker.Infrastructure", "ScrapJunker.Infrastructure\ScrapJunker.Infrastructure.csproj", "{B357E66B-AC03-4725-8336-7BF51F9CAABD}"
EndProject
Project("{FAE04EC0-301F-11D3-BF4B-00C04F79EFBC}") = "ScrapJunker.Infrastructure.Core", "ScrapJunker.Infrastructure.Core\ScrapJunker.Infrastructure.Core.csproj", "{1D76530E-F61D-4B36-9627-1AB32744D9AA}"
EndProject
Project("{FAE04EC0-301F-11D3-BF4B-00C04F79EFBC}") = "ScrapJunker.Console", "ScrapJunker.Console\ScrapJunker.Console.csproj", "{F9A1F7B2-BA34-41D0-A617-F6869E6F46FB}"
EndProject
Project("{FAE04EC0-301F-11D3-BF4B-00C04F79EFBC}") = "ScrapJunker.IOC", "ScrapJunker.IOC\ScrapJunker.IOC.csproj", "{EEA1FDEF-4C0E-415F-8800-07F3827037C5}"
EndProject
Project("{FAE04EC0-301F-11D3-BF4B-00C04F79EFBC}") = "ScrapJunker.Crawler.Api", "ScrapJunker.Crawler.Api\ScrapJunker.Crawler.Api.csproj", "{12B953A2-5032-4950-A78F-D550FD233C36}"
EndProject
Project("{2150E333-8FDC-42A3-9474-1A3956D46DE8}") = "Crawler", "Crawler", "{97970B96-35AC-4A17-8C91-21EA5F3E80CB}"
EndProject
Project("{2150E333-8FDC-42A3-9474-1A3956D46DE8}") = "Infrastructure", "Infrastructure", "{80B717D5-22CD-4D73-9DF7-56E2845BBD16}"
EndProject
Project("{2150E333-8FDC-42A3-9474-1A3956D46DE8}") = "Pooling", "Pooling", "{069DFDDD-D2D6-43E8-906F-0B50238B8968}"
EndProject
Project("{FAE04EC0-301F-11D3-BF4B-00C04F79EFBC}") = "ScrapJunker.Pooling", "ScrapJunker.Pooling\ScrapJunker.Pooling.csproj", "{D10303FC-F1B2-4AE6-A018-3E33F2CBA3C0}"
EndProject
Project("{FAE04EC0-301F-11D3-BF4B-00C04F79EFBC}") = "ScrapJunker.Pooling.Core", "ScrapJunker.Pooling.Core\ScrapJunker.Pooling.Core.csproj", "{1FBE16AF-7A7E-4EC0-A59F-7A194E113B56}"
EndProject
Project("{2150E333-8FDC-42A3-9474-1A3956D46DE8}") = "CQRS", "CQRS", "{9CD9C518-B2BD-4B70-85AA-D21A7204D567}"
EndProject
Project("{FAE04EC0-301F-11D3-BF4B-00C04F79EFBC}") = "ScrapJunker.CQRS", "ScrapJunker.CQRS\ScrapJunker.CQRS.csproj", "{37F98CA5-C0E3-484B-AA40-750195E1EDA6}"
EndProject
Project("{FAE04EC0-301F-11D3-BF4B-00C04F79EFBC}") = "ScrapJunker.CQRS.Core", "ScrapJunker.CQRS.Core\ScrapJunker.CQRS.Core.csproj", "{BD648ED8-B995-420B-9A38-DD3D127D348C}"
EndProject
Global
	GlobalSection(SolutionConfigurationPlatforms) = preSolution
		Debug|Any CPU = Debug|Any CPU
		Release|Any CPU = Release|Any CPU
	EndGlobalSection
	GlobalSection(ProjectConfigurationPlatforms) = postSolution
		{7B03C5C2-DC7D-497C-94C9-1DB901D131BC}.Debug|Any CPU.ActiveCfg = Debug|Any CPU
		{7B03C5C2-DC7D-497C-94C9-1DB901D131BC}.Debug|Any CPU.Build.0 = Debug|Any CPU
		{7B03C5C2-DC7D-497C-94C9-1DB901D131BC}.Release|Any CPU.ActiveCfg = Release|Any CPU
		{7B03C5C2-DC7D-497C-94C9-1DB901D131BC}.Release|Any CPU.Build.0 = Release|Any CPU
		{3789DD7C-F8F0-42C7-82C5-343F7DB247DE}.Debug|Any CPU.ActiveCfg = Debug|Any CPU
		{3789DD7C-F8F0-42C7-82C5-343F7DB247DE}.Debug|Any CPU.Build.0 = Debug|Any CPU
		{3789DD7C-F8F0-42C7-82C5-343F7DB247DE}.Release|Any CPU.ActiveCfg = Release|Any CPU
		{3789DD7C-F8F0-42C7-82C5-343F7DB247DE}.Release|Any CPU.Build.0 = Release|Any CPU
		{B357E66B-AC03-4725-8336-7BF51F9CAABD}.Debug|Any CPU.ActiveCfg = Debug|Any CPU
		{B357E66B-AC03-4725-8336-7BF51F9CAABD}.Debug|Any CPU.Build.0 = Debug|Any CPU
		{B357E66B-AC03-4725-8336-7BF51F9CAABD}.Release|Any CPU.ActiveCfg = Release|Any CPU
		{B357E66B-AC03-4725-8336-7BF51F9CAABD}.Release|Any CPU.Build.0 = Release|Any CPU
		{1D76530E-F61D-4B36-9627-1AB32744D9AA}.Debug|Any CPU.ActiveCfg = Debug|Any CPU
		{1D76530E-F61D-4B36-9627-1AB32744D9AA}.Debug|Any CPU.Build.0 = Debug|Any CPU
		{1D76530E-F61D-4B36-9627-1AB32744D9AA}.Release|Any CPU.ActiveCfg = Release|Any CPU
		{1D76530E-F61D-4B36-9627-1AB32744D9AA}.Release|Any CPU.Build.0 = Release|Any CPU
		{F9A1F7B2-BA34-41D0-A617-F6869E6F46FB}.Debug|Any CPU.ActiveCfg = Debug|Any CPU
		{F9A1F7B2-BA34-41D0-A617-F6869E6F46FB}.Debug|Any CPU.Build.0 = Debug|Any CPU
		{F9A1F7B2-BA34-41D0-A617-F6869E6F46FB}.Release|Any CPU.ActiveCfg = Release|Any CPU
		{F9A1F7B2-BA34-41D0-A617-F6869E6F46FB}.Release|Any CPU.Build.0 = Release|Any CPU
		{EEA1FDEF-4C0E-415F-8800-07F3827037C5}.Debug|Any CPU.ActiveCfg = Debug|Any CPU
		{EEA1FDEF-4C0E-415F-8800-07F3827037C5}.Debug|Any CPU.Build.0 = Debug|Any CPU
		{EEA1FDEF-4C0E-415F-8800-07F3827037C5}.Release|Any CPU.ActiveCfg = Release|Any CPU
		{EEA1FDEF-4C0E-415F-8800-07F3827037C5}.Release|Any CPU.Build.0 = Release|Any CPU
		{12B953A2-5032-4950-A78F-D550FD233C36}.Debug|Any CPU.ActiveCfg = Debug|Any CPU
		{12B953A2-5032-4950-A78F-D550FD233C36}.Debug|Any CPU.Build.0 = Debug|Any CPU
		{12B953A2-5032-4950-A78F-D550FD233C36}.Release|Any CPU.ActiveCfg = Release|Any CPU
		{12B953A2-5032-4950-A78F-D550FD233C36}.Release|Any CPU.Build.0 = Release|Any CPU
		{D10303FC-F1B2-4AE6-A018-3E33F2CBA3C0}.Debug|Any CPU.ActiveCfg = Debug|Any CPU
		{D10303FC-F1B2-4AE6-A018-3E33F2CBA3C0}.Debug|Any CPU.Build.0 = Debug|Any CPU
		{D10303FC-F1B2-4AE6-A018-3E33F2CBA3C0}.Release|Any CPU.ActiveCfg = Release|Any CPU
		{D10303FC-F1B2-4AE6-A018-3E33F2CBA3C0}.Release|Any CPU.Build.0 = Release|Any CPU
		{1FBE16AF-7A7E-4EC0-A59F-7A194E113B56}.Debug|Any CPU.ActiveCfg = Debug|Any CPU
		{1FBE16AF-7A7E-4EC0-A59F-7A194E113B56}.Debug|Any CPU.Build.0 = Debug|Any CPU
		{1FBE16AF-7A7E-4EC0-A59F-7A194E113B56}.Release|Any CPU.ActiveCfg = Release|Any CPU
		{1FBE16AF-7A7E-4EC0-A59F-7A194E113B56}.Release|Any CPU.Build.0 = Release|Any CPU
		{37F98CA5-C0E3-484B-AA40-750195E1EDA6}.Debug|Any CPU.ActiveCfg = Debug|Any CPU
		{37F98CA5-C0E3-484B-AA40-750195E1EDA6}.Debug|Any CPU.Build.0 = Debug|Any CPU
		{37F98CA5-C0E3-484B-AA40-750195E1EDA6}.Release|Any CPU.ActiveCfg = Release|Any CPU
		{37F98CA5-C0E3-484B-AA40-750195E1EDA6}.Release|Any CPU.Build.0 = Release|Any CPU
		{BD648ED8-B995-420B-9A38-DD3D127D348C}.Debug|Any CPU.ActiveCfg = Debug|Any CPU
		{BD648ED8-B995-420B-9A38-DD3D127D348C}.Debug|Any CPU.Build.0 = Debug|Any CPU
		{BD648ED8-B995-420B-9A38-DD3D127D348C}.Release|Any CPU.ActiveCfg = Release|Any CPU
		{BD648ED8-B995-420B-9A38-DD3D127D348C}.Release|Any CPU.Build.0 = Release|Any CPU
	EndGlobalSection
	GlobalSection(SolutionProperties) = preSolution
		HideSolutionNode = FALSE
	EndGlobalSection
	GlobalSection(NestedProjects) = preSolution
		{7B03C5C2-DC7D-497C-94C9-1DB901D131BC} = {97970B96-35AC-4A17-8C91-21EA5F3E80CB}
		{3789DD7C-F8F0-42C7-82C5-343F7DB247DE} = {97970B96-35AC-4A17-8C91-21EA5F3E80CB}
		{B357E66B-AC03-4725-8336-7BF51F9CAABD} = {80B717D5-22CD-4D73-9DF7-56E2845BBD16}
		{1D76530E-F61D-4B36-9627-1AB32744D9AA} = {80B717D5-22CD-4D73-9DF7-56E2845BBD16}
		{12B953A2-5032-4950-A78F-D550FD233C36} = {97970B96-35AC-4A17-8C91-21EA5F3E80CB}
		{D10303FC-F1B2-4AE6-A018-3E33F2CBA3C0} = {069DFDDD-D2D6-43E8-906F-0B50238B8968}
		{1FBE16AF-7A7E-4EC0-A59F-7A194E113B56} = {069DFDDD-D2D6-43E8-906F-0B50238B8968}
		{37F98CA5-C0E3-484B-AA40-750195E1EDA6} = {9CD9C518-B2BD-4B70-85AA-D21A7204D567}
		{BD648ED8-B995-420B-9A38-DD3D127D348C} = {9CD9C518-B2BD-4B70-85AA-D21A7204D567}
	EndGlobalSection
EndGlobal
